
Microsoft Visual Studio Solution File, Format Version 12.00
Project("{FAE04EC0-301F-11D3-BF4B-00C04F79EFBC}") = "Empowered.CommandLine.Extensions.Dataverse", "src\Empowered.CommandLine.Extensions.Dataverse\Empowered.CommandLine.Extensions.Dataverse.csproj", "{7F31540B-E1AA-4326-9524-0E96A15E6E90}"
EndProject
Project("{FAE04EC0-301F-11D3-BF4B-00C04F79EFBC}") = "Empowered.CommandLine.Extensions.Dataverse.Tests", "test\Empowered.CommandLine.Extensions.Dataverse.Tests\Empowered.CommandLine.Extensions.Dataverse.Tests.csproj", "{5FB5536F-CA19-4CF1-8682-F008A707C717}"
EndProject
Global
	GlobalSection(SolutionConfigurationPlatforms) = preSolution
		Debug|Any CPU = Debug|Any CPU
		Release|Any CPU = Release|Any CPU
	EndGlobalSection
	GlobalSection(ProjectConfigurationPlatforms) = postSolution
		{7F31540B-E1AA-4326-9524-0E96A15E6E90}.Debug|Any CPU.ActiveCfg = Debug|Any CPU
		{7F31540B-E1AA-4326-9524-0E96A15E6E90}.Debug|Any CPU.Build.0 = Debug|Any CPU
		{7F31540B-E1AA-4326-9524-0E96A15E6E90}.Release|Any CPU.ActiveCfg = Release|Any CPU
		{7F31540B-E1AA-4326-9524-0E96A15E6E90}.Release|Any CPU.Build.0 = Release|Any CPU
		{5FB5536F-CA19-4CF1-8682-F008A707C717}.Debug|Any CPU.ActiveCfg = Debug|Any CPU
		{5FB5536F-CA19-4CF1-8682-F008A707C717}.Debug|Any CPU.Build.0 = Debug|Any CPU
		{5FB5536F-CA19-4CF1-8682-F008A707C717}.Release|Any CPU.ActiveCfg = Release|Any CPU
		{5FB5536F-CA19-4CF1-8682-F008A707C717}.Release|Any CPU.Build.0 = Release|Any CPU
	EndGlobalSection
EndGlobal
